
Microsoft Visual Studio Solution File, Format Version 12.00
# Visual Studio Version 17
VisualStudioVersion = 17.0.31903.59
MinimumVisualStudioVersion = 10.0.40219.1
Project("{2150E333-8FDC-42A3-9474-1A3956D46DE8}") = "tests", "tests", "{0AB3BF05-4346-4AA6-1389-037BE0695223}"
EndProject
Project("{FAE04EC0-301F-11D3-BF4B-00C04F79EFBC}") = "Orion.Tests", "tests\Orion.Tests\Orion.Tests.csproj", "{ADB73D87-F694-42BE-8285-BD34A07CD280}"
EndProject
Project("{FAE04EC0-301F-11D3-BF4B-00C04F79EFBC}") = "Orion.Network.Core", "src\Orion.Network.Core\Orion.Network.Core.csproj", "{58C3D181-FD68-4365-9652-03E9E1299B05}"
EndProject
Project("{FAE04EC0-301F-11D3-BF4B-00C04F79EFBC}") = "Orion.Server", "src\Orion.Server\Orion.Server.csproj", "{C755D368-E830-4EEF-AE86-A791F1A3AD52}"
EndProject
Project("{FAE04EC0-301F-11D3-BF4B-00C04F79EFBC}") = "Orion.Core.Server", "src\Orion.Core.Server\Orion.Core.Server.csproj", "{087BD608-86E9-4DD5-BF05-3D88C708CF20}"
EndProject
Project("{FAE04EC0-301F-11D3-BF4B-00C04F79EFBC}") = "Orion.Foundations", "src\Orion.Foundations\Orion.Foundations.csproj", "{AE8CACF0-332A-4799-9F96-97A78AFD498F}"
EndProject
Project("{FAE04EC0-301F-11D3-BF4B-00C04F79EFBC}") = "Orion.Network.Tcp", "src\Orion.Network.Tcp\Orion.Network.Tcp.csproj", "{723C8918-93DB-4FFD-BF39-388D71086FB6}"
EndProject
Project("{FAE04EC0-301F-11D3-BF4B-00C04F79EFBC}") = "Orion.Core.Server.Web", "src\Orion.Core.Server.Web\Orion.Core.Server.Web.csproj", "{75432F8C-65F4-4BDD-8E9B-03B40697E8F6}"
EndProject
Project("{FAE04EC0-301F-11D3-BF4B-00C04F79EFBC}") = "Orion.Irc.Core", "src\Orion.Irc.Core\Orion.Irc.Core.csproj", "{87511157-57EF-48F0-90DA-394D8C736583}"
EndProject
Global
	GlobalSection(SolutionConfigurationPlatforms) = preSolution
		Debug|Any CPU = Debug|Any CPU
		Debug|x64 = Debug|x64
		Debug|x86 = Debug|x86
		Release|Any CPU = Release|Any CPU
		Release|x64 = Release|x64
		Release|x86 = Release|x86
	EndGlobalSection
	GlobalSection(ProjectConfigurationPlatforms) = postSolution
		{ADB73D87-F694-42BE-8285-BD34A07CD280}.Debug|Any CPU.ActiveCfg = Debug|Any CPU
		{ADB73D87-F694-42BE-8285-BD34A07CD280}.Debug|Any CPU.Build.0 = Debug|Any CPU
		{ADB73D87-F694-42BE-8285-BD34A07CD280}.Debug|x64.ActiveCfg = Debug|Any CPU
		{ADB73D87-F694-42BE-8285-BD34A07CD280}.Debug|x64.Build.0 = Debug|Any CPU
		{ADB73D87-F694-42BE-8285-BD34A07CD280}.Debug|x86.ActiveCfg = Debug|Any CPU
		{ADB73D87-F694-42BE-8285-BD34A07CD280}.Debug|x86.Build.0 = Debug|Any CPU
		{ADB73D87-F694-42BE-8285-BD34A07CD280}.Release|Any CPU.ActiveCfg = Release|Any CPU
		{ADB73D87-F694-42BE-8285-BD34A07CD280}.Release|Any CPU.Build.0 = Release|Any CPU
		{ADB73D87-F694-42BE-8285-BD34A07CD280}.Release|x64.ActiveCfg = Release|Any CPU
		{ADB73D87-F694-42BE-8285-BD34A07CD280}.Release|x64.Build.0 = Release|Any CPU
		{ADB73D87-F694-42BE-8285-BD34A07CD280}.Release|x86.ActiveCfg = Release|Any CPU
		{ADB73D87-F694-42BE-8285-BD34A07CD280}.Release|x86.Build.0 = Release|Any CPU
		{58C3D181-FD68-4365-9652-03E9E1299B05}.Debug|Any CPU.ActiveCfg = Debug|Any CPU
		{58C3D181-FD68-4365-9652-03E9E1299B05}.Debug|Any CPU.Build.0 = Debug|Any CPU
		{58C3D181-FD68-4365-9652-03E9E1299B05}.Debug|x64.ActiveCfg = Debug|Any CPU
		{58C3D181-FD68-4365-9652-03E9E1299B05}.Debug|x64.Build.0 = Debug|Any CPU
		{58C3D181-FD68-4365-9652-03E9E1299B05}.Debug|x86.ActiveCfg = Debug|Any CPU
		{58C3D181-FD68-4365-9652-03E9E1299B05}.Debug|x86.Build.0 = Debug|Any CPU
		{58C3D181-FD68-4365-9652-03E9E1299B05}.Release|Any CPU.ActiveCfg = Release|Any CPU
		{58C3D181-FD68-4365-9652-03E9E1299B05}.Release|Any CPU.Build.0 = Release|Any CPU
		{58C3D181-FD68-4365-9652-03E9E1299B05}.Release|x64.ActiveCfg = Release|Any CPU
		{58C3D181-FD68-4365-9652-03E9E1299B05}.Release|x64.Build.0 = Release|Any CPU
		{58C3D181-FD68-4365-9652-03E9E1299B05}.Release|x86.ActiveCfg = Release|Any CPU
		{58C3D181-FD68-4365-9652-03E9E1299B05}.Release|x86.Build.0 = Release|Any CPU
		{C755D368-E830-4EEF-AE86-A791F1A3AD52}.Debug|Any CPU.ActiveCfg = Debug|Any CPU
		{C755D368-E830-4EEF-AE86-A791F1A3AD52}.Debug|Any CPU.Build.0 = Debug|Any CPU
		{C755D368-E830-4EEF-AE86-A791F1A3AD52}.Debug|x64.ActiveCfg = Debug|Any CPU
		{C755D368-E830-4EEF-AE86-A791F1A3AD52}.Debug|x64.Build.0 = Debug|Any CPU
		{C755D368-E830-4EEF-AE86-A791F1A3AD52}.Debug|x86.ActiveCfg = Debug|Any CPU
		{C755D368-E830-4EEF-AE86-A791F1A3AD52}.Debug|x86.Build.0 = Debug|Any CPU
		{C755D368-E830-4EEF-AE86-A791F1A3AD52}.Release|Any CPU.ActiveCfg = Release|Any CPU
		{C755D368-E830-4EEF-AE86-A791F1A3AD52}.Release|Any CPU.Build.0 = Release|Any CPU
		{C755D368-E830-4EEF-AE86-A791F1A3AD52}.Release|x64.ActiveCfg = Release|Any CPU
		{C755D368-E830-4EEF-AE86-A791F1A3AD52}.Release|x64.Build.0 = Release|Any CPU
		{C755D368-E830-4EEF-AE86-A791F1A3AD52}.Release|x86.ActiveCfg = Release|Any CPU
		{C755D368-E830-4EEF-AE86-A791F1A3AD52}.Release|x86.Build.0 = Release|Any CPU
		{087BD608-86E9-4DD5-BF05-3D88C708CF20}.Debug|Any CPU.ActiveCfg = Debug|Any CPU
		{087BD608-86E9-4DD5-BF05-3D88C708CF20}.Debug|Any CPU.Build.0 = Debug|Any CPU
		{087BD608-86E9-4DD5-BF05-3D88C708CF20}.Debug|x64.ActiveCfg = Debug|Any CPU
		{087BD608-86E9-4DD5-BF05-3D88C708CF20}.Debug|x64.Build.0 = Debug|Any CPU
		{087BD608-86E9-4DD5-BF05-3D88C708CF20}.Debug|x86.ActiveCfg = Debug|Any CPU
		{087BD608-86E9-4DD5-BF05-3D88C708CF20}.Debug|x86.Build.0 = Debug|Any CPU
		{087BD608-86E9-4DD5-BF05-3D88C708CF20}.Release|Any CPU.ActiveCfg = Release|Any CPU
		{087BD608-86E9-4DD5-BF05-3D88C708CF20}.Release|Any CPU.Build.0 = Release|Any CPU
		{087BD608-86E9-4DD5-BF05-3D88C708CF20}.Release|x64.ActiveCfg = Release|Any CPU
		{087BD608-86E9-4DD5-BF05-3D88C708CF20}.Release|x64.Build.0 = Release|Any CPU
		{087BD608-86E9-4DD5-BF05-3D88C708CF20}.Release|x86.ActiveCfg = Release|Any CPU
		{087BD608-86E9-4DD5-BF05-3D88C708CF20}.Release|x86.Build.0 = Release|Any CPU
		{AE8CACF0-332A-4799-9F96-97A78AFD498F}.Debug|Any CPU.ActiveCfg = Debug|Any CPU
		{AE8CACF0-332A-4799-9F96-97A78AFD498F}.Debug|Any CPU.Build.0 = Debug|Any CPU
		{AE8CACF0-332A-4799-9F96-97A78AFD498F}.Debug|x64.ActiveCfg = Debug|Any CPU
		{AE8CACF0-332A-4799-9F96-97A78AFD498F}.Debug|x64.Build.0 = Debug|Any CPU
		{AE8CACF0-332A-4799-9F96-97A78AFD498F}.Debug|x86.ActiveCfg = Debug|Any CPU
		{AE8CACF0-332A-4799-9F96-97A78AFD498F}.Debug|x86.Build.0 = Debug|Any CPU
		{AE8CACF0-332A-4799-9F96-97A78AFD498F}.Release|Any CPU.ActiveCfg = Release|Any CPU
		{AE8CACF0-332A-4799-9F96-97A78AFD498F}.Release|Any CPU.Build.0 = Release|Any CPU
		{AE8CACF0-332A-4799-9F96-97A78AFD498F}.Release|x64.ActiveCfg = Release|Any CPU
		{AE8CACF0-332A-4799-9F96-97A78AFD498F}.Release|x64.Build.0 = Release|Any CPU
		{AE8CACF0-332A-4799-9F96-97A78AFD498F}.Release|x86.ActiveCfg = Release|Any CPU
		{AE8CACF0-332A-4799-9F96-97A78AFD498F}.Release|x86.Build.0 = Release|Any CPU
		{723C8918-93DB-4FFD-BF39-388D71086FB6}.Debug|Any CPU.ActiveCfg = Debug|Any CPU
		{723C8918-93DB-4FFD-BF39-388D71086FB6}.Debug|Any CPU.Build.0 = Debug|Any CPU
		{723C8918-93DB-4FFD-BF39-388D71086FB6}.Debug|x64.ActiveCfg = Debug|Any CPU
		{723C8918-93DB-4FFD-BF39-388D71086FB6}.Debug|x64.Build.0 = Debug|Any CPU
		{723C8918-93DB-4FFD-BF39-388D71086FB6}.Debug|x86.ActiveCfg = Debug|Any CPU
		{723C8918-93DB-4FFD-BF39-388D71086FB6}.Debug|x86.Build.0 = Debug|Any CPU
		{723C8918-93DB-4FFD-BF39-388D71086FB6}.Release|Any CPU.ActiveCfg = Release|Any CPU
		{723C8918-93DB-4FFD-BF39-388D71086FB6}.Release|Any CPU.Build.0 = Release|Any CPU
		{723C8918-93DB-4FFD-BF39-388D71086FB6}.Release|x64.ActiveCfg = Release|Any CPU
		{723C8918-93DB-4FFD-BF39-388D71086FB6}.Release|x64.Build.0 = Release|Any CPU
		{723C8918-93DB-4FFD-BF39-388D71086FB6}.Release|x86.ActiveCfg = Release|Any CPU
		{723C8918-93DB-4FFD-BF39-388D71086FB6}.Release|x86.Build.0 = Release|Any CPU
		{75432F8C-65F4-4BDD-8E9B-03B40697E8F6}.Debug|Any CPU.ActiveCfg = Debug|Any CPU
		{75432F8C-65F4-4BDD-8E9B-03B40697E8F6}.Debug|Any CPU.Build.0 = Debug|Any CPU
		{75432F8C-65F4-4BDD-8E9B-03B40697E8F6}.Debug|x64.ActiveCfg = Debug|Any CPU
		{75432F8C-65F4-4BDD-8E9B-03B40697E8F6}.Debug|x64.Build.0 = Debug|Any CPU
		{75432F8C-65F4-4BDD-8E9B-03B40697E8F6}.Debug|x86.ActiveCfg = Debug|Any CPU
		{75432F8C-65F4-4BDD-8E9B-03B40697E8F6}.Debug|x86.Build.0 = Debug|Any CPU
		{75432F8C-65F4-4BDD-8E9B-03B40697E8F6}.Release|Any CPU.ActiveCfg = Release|Any CPU
		{75432F8C-65F4-4BDD-8E9B-03B40697E8F6}.Release|Any CPU.Build.0 = Release|Any CPU
		{75432F8C-65F4-4BDD-8E9B-03B40697E8F6}.Release|x64.ActiveCfg = Release|Any CPU
		{75432F8C-65F4-4BDD-8E9B-03B40697E8F6}.Release|x64.Build.0 = Release|Any CPU
		{75432F8C-65F4-4BDD-8E9B-03B40697E8F6}.Release|x86.ActiveCfg = Release|Any CPU
		{75432F8C-65F4-4BDD-8E9B-03B40697E8F6}.Release|x86.Build.0 = Release|Any CPU
		{87511157-57EF-48F0-90DA-394D8C736583}.Debug|Any CPU.ActiveCfg = Debug|Any CPU
		{87511157-57EF-48F0-90DA-394D8C736583}.Debug|Any CPU.Build.0 = Debug|Any CPU
		{87511157-57EF-48F0-90DA-394D8C736583}.Debug|x64.ActiveCfg = Debug|Any CPU
		{87511157-57EF-48F0-90DA-394D8C736583}.Debug|x64.Build.0 = Debug|Any CPU
		{87511157-57EF-48F0-90DA-394D8C736583}.Debug|x86.ActiveCfg = Debug|Any CPU
		{87511157-57EF-48F0-90DA-394D8C736583}.Debug|x86.Build.0 = Debug|Any CPU
		{87511157-57EF-48F0-90DA-394D8C736583}.Release|Any CPU.ActiveCfg = Release|Any CPU
		{87511157-57EF-48F0-90DA-394D8C736583}.Release|Any CPU.Build.0 = Release|Any CPU
		{87511157-57EF-48F0-90DA-394D8C736583}.Release|x64.ActiveCfg = Release|Any CPU
		{87511157-57EF-48F0-90DA-394D8C736583}.Release|x64.Build.0 = Release|Any CPU
		{87511157-57EF-48F0-90DA-394D8C736583}.Release|x86.ActiveCfg = Release|Any CPU
		{87511157-57EF-48F0-90DA-394D8C736583}.Release|x86.Build.0 = Release|Any CPU
	EndGlobalSection
	GlobalSection(SolutionProperties) = preSolution
		HideSolutionNode = FALSE
	EndGlobalSection
	GlobalSection(NestedProjects) = preSolution
		{ADB73D87-F694-42BE-8285-BD34A07CD280} = {0AB3BF05-4346-4AA6-1389-037BE0695223}
	EndGlobalSection
EndGlobal
